// !$*UTF8*$!
{
	archiveVersion = 1;
	classes = {
	};
	objectVersion = 50;
	objects = {

/* Begin PBXBuildFile section */
		6E82C89F26AAB7B100DD5C15 /* ToDoMaterialDesignAppPresentationApp.swift in Sources */ = {isa = PBXBuildFile; fileRef = 6E82C89E26AAB7B100DD5C15 /* ToDoMaterialDesignAppPresentationApp.swift */; };
		6E82C8A126AAB7B100DD5C15 /* AllTasksView.swift in Sources */ = {isa = PBXBuildFile; fileRef = 6E82C8A026AAB7B100DD5C15 /* AllTasksView.swift */; };
		6E82C8A326AAB7B200DD5C15 /* Assets.xcassets in Resources */ = {isa = PBXBuildFile; fileRef = 6E82C8A226AAB7B200DD5C15 /* Assets.xcassets */; };
		6E82C8A626AAB7B200DD5C15 /* Preview Assets.xcassets in Resources */ = {isa = PBXBuildFile; fileRef = 6E82C8A526AAB7B200DD5C15 /* Preview Assets.xcassets */; };
		6E82C8B126AAB7B200DD5C15 /* ToDoMaterialDesignAppPresentationTests.swift in Sources */ = {isa = PBXBuildFile; fileRef = 6E82C8B026AAB7B200DD5C15 /* ToDoMaterialDesignAppPresentationTests.swift */; };
		6E82C8BC26AAB7B200DD5C15 /* ToDoMaterialDesignAppPresentationUITests.swift in Sources */ = {isa = PBXBuildFile; fileRef = 6E82C8BB26AAB7B200DD5C15 /* ToDoMaterialDesignAppPresentationUITests.swift */; };
		6E82C8CC26AABCC000DD5C15 /* TaskCell.swift in Sources */ = {isa = PBXBuildFile; fileRef = 6E82C8CB26AABCC000DD5C15 /* TaskCell.swift */; };
		6E82C8CF26AABD0400DD5C15 /* Task.swift in Sources */ = {isa = PBXBuildFile; fileRef = 6E82C8CE26AABD0400DD5C15 /* Task.swift */; };
		6E82C8D226AAC70600DD5C15 /* MockClasses.swift in Sources */ = {isa = PBXBuildFile; fileRef = 6E82C8D126AAC70600DD5C15 /* MockClasses.swift */; };
		6E82C8D426AAC82A00DD5C15 /* Color-Extension.swift in Sources */ = {isa = PBXBuildFile; fileRef = 6E82C8D326AAC82A00DD5C15 /* Color-Extension.swift */; };
/* End PBXBuildFile section */

/* Begin PBXContainerItemProxy section */
		6E82C8AD26AAB7B200DD5C15 /* PBXContainerItemProxy */ = {
			isa = PBXContainerItemProxy;
			containerPortal = 6E82C89326AAB7B100DD5C15 /* Project object */;
			proxyType = 1;
			remoteGlobalIDString = 6E82C89A26AAB7B100DD5C15;
			remoteInfo = ToDoMaterialDesignAppPresentation;
		};
		6E82C8B826AAB7B200DD5C15 /* PBXContainerItemProxy */ = {
			isa = PBXContainerItemProxy;
			containerPortal = 6E82C89326AAB7B100DD5C15 /* Project object */;
			proxyType = 1;
			remoteGlobalIDString = 6E82C89A26AAB7B100DD5C15;
			remoteInfo = ToDoMaterialDesignAppPresentation;
		};
/* End PBXContainerItemProxy section */

/* Begin PBXFileReference section */
		6E82C89B26AAB7B100DD5C15 /* ToDoMaterialDesignAppPresentation.app */ = {isa = PBXFileReference; explicitFileType = wrapper.application; includeInIndex = 0; path = ToDoMaterialDesignAppPresentation.app; sourceTree = BUILT_PRODUCTS_DIR; };
		6E82C89E26AAB7B100DD5C15 /* ToDoMaterialDesignAppPresentationApp.swift */ = {isa = PBXFileReference; lastKnownFileType = sourcecode.swift; path = ToDoMaterialDesignAppPresentationApp.swift; sourceTree = "<group>"; };
		6E82C8A026AAB7B100DD5C15 /* AllTasksView.swift */ = {isa = PBXFileReference; lastKnownFileType = sourcecode.swift; path = AllTasksView.swift; sourceTree = "<group>"; };
		6E82C8A226AAB7B200DD5C15 /* Assets.xcassets */ = {isa = PBXFileReference; lastKnownFileType = folder.assetcatalog; path = Assets.xcassets; sourceTree = "<group>"; };
		6E82C8A526AAB7B200DD5C15 /* Preview Assets.xcassets */ = {isa = PBXFileReference; lastKnownFileType = folder.assetcatalog; path = "Preview Assets.xcassets"; sourceTree = "<group>"; };
		6E82C8A726AAB7B200DD5C15 /* Info.plist */ = {isa = PBXFileReference; lastKnownFileType = text.plist.xml; path = Info.plist; sourceTree = "<group>"; };
		6E82C8AC26AAB7B200DD5C15 /* ToDoMaterialDesignAppPresentationTests.xctest */ = {isa = PBXFileReference; explicitFileType = wrapper.cfbundle; includeInIndex = 0; path = ToDoMaterialDesignAppPresentationTests.xctest; sourceTree = BUILT_PRODUCTS_DIR; };
		6E82C8B026AAB7B200DD5C15 /* ToDoMaterialDesignAppPresentationTests.swift */ = {isa = PBXFileReference; lastKnownFileType = sourcecode.swift; path = ToDoMaterialDesignAppPresentationTests.swift; sourceTree = "<group>"; };
		6E82C8B226AAB7B200DD5C15 /* Info.plist */ = {isa = PBXFileReference; lastKnownFileType = text.plist.xml; path = Info.plist; sourceTree = "<group>"; };
		6E82C8B726AAB7B200DD5C15 /* ToDoMaterialDesignAppPresentationUITests.xctest */ = {isa = PBXFileReference; explicitFileType = wrapper.cfbundle; includeInIndex = 0; path = ToDoMaterialDesignAppPresentationUITests.xctest; sourceTree = BUILT_PRODUCTS_DIR; };
		6E82C8BB26AAB7B200DD5C15 /* ToDoMaterialDesignAppPresentationUITests.swift */ = {isa = PBXFileReference; lastKnownFileType = sourcecode.swift; path = ToDoMaterialDesignAppPresentationUITests.swift; sourceTree = "<group>"; };
		6E82C8BD26AAB7B200DD5C15 /* Info.plist */ = {isa = PBXFileReference; lastKnownFileType = text.plist.xml; path = Info.plist; sourceTree = "<group>"; };
		6E82C8CB26AABCC000DD5C15 /* TaskCell.swift */ = {isa = PBXFileReference; lastKnownFileType = sourcecode.swift; path = TaskCell.swift; sourceTree = "<group>"; };
		6E82C8CE26AABD0400DD5C15 /* Task.swift */ = {isa = PBXFileReference; lastKnownFileType = sourcecode.swift; path = Task.swift; sourceTree = "<group>"; };
		6E82C8D126AAC70600DD5C15 /* MockClasses.swift */ = {isa = PBXFileReference; lastKnownFileType = sourcecode.swift; path = MockClasses.swift; sourceTree = "<group>"; };
		6E82C8D326AAC82A00DD5C15 /* Color-Extension.swift */ = {isa = PBXFileReference; lastKnownFileType = sourcecode.swift; path = "Color-Extension.swift"; sourceTree = "<group>"; };
/* End PBXFileReference section */

/* Begin PBXFrameworksBuildPhase section */
		6E82C89826AAB7B100DD5C15 /* Frameworks */ = {
			isa = PBXFrameworksBuildPhase;
			buildActionMask = 2147483647;
			files = (
			);
			runOnlyForDeploymentPostprocessing = 0;
		};
		6E82C8A926AAB7B200DD5C15 /* Frameworks */ = {
			isa = PBXFrameworksBuildPhase;
			buildActionMask = 2147483647;
			files = (
			);
			runOnlyForDeploymentPostprocessing = 0;
		};
		6E82C8B426AAB7B200DD5C15 /* Frameworks */ = {
			isa = PBXFrameworksBuildPhase;
			buildActionMask = 2147483647;
			files = (
			);
			runOnlyForDeploymentPostprocessing = 0;
		};
/* End PBXFrameworksBuildPhase section */

/* Begin PBXGroup section */
		6E82C89226AAB7B100DD5C15 = {
			isa = PBXGroup;
			children = (
				6E82C89D26AAB7B100DD5C15 /* ToDoMaterialDesignAppPresentation */,
				6E82C8AF26AAB7B200DD5C15 /* ToDoMaterialDesignAppPresentationTests */,
				6E82C8BA26AAB7B200DD5C15 /* ToDoMaterialDesignAppPresentationUITests */,
				6E82C89C26AAB7B100DD5C15 /* Products */,
			);
			sourceTree = "<group>";
		};
		6E82C89C26AAB7B100DD5C15 /* Products */ = {
			isa = PBXGroup;
			children = (
				6E82C89B26AAB7B100DD5C15 /* ToDoMaterialDesignAppPresentation.app */,
				6E82C8AC26AAB7B200DD5C15 /* ToDoMaterialDesignAppPresentationTests.xctest */,
				6E82C8B726AAB7B200DD5C15 /* ToDoMaterialDesignAppPresentationUITests.xctest */,
			);
			name = Products;
			sourceTree = "<group>";
		};
		6E82C89D26AAB7B100DD5C15 /* ToDoMaterialDesignAppPresentation */ = {
			isa = PBXGroup;
			children = (
				6E82C8D626AAC88C00DD5C15 /* AppDelegate */,
				6E82C8D526AAC82D00DD5C15 /* Extensions */,
				6E82C8D026AABD0A00DD5C15 /* Models */,
				6E82C8CD26AABCC700DD5C15 /* Views */,
				6E82C8A226AAB7B200DD5C15 /* Assets.xcassets */,
				6E82C8A726AAB7B200DD5C15 /* Info.plist */,
				6E82C8A426AAB7B200DD5C15 /* Preview Content */,
			);
			path = ToDoMaterialDesignAppPresentation;
			sourceTree = "<group>";
		};
		6E82C8A426AAB7B200DD5C15 /* Preview Content */ = {
			isa = PBXGroup;
			children = (
				6E82C8A526AAB7B200DD5C15 /* Preview Assets.xcassets */,
				6E82C8D126AAC70600DD5C15 /* MockClasses.swift */,
			);
			path = "Preview Content";
			sourceTree = "<group>";
		};
		6E82C8AF26AAB7B200DD5C15 /* ToDoMaterialDesignAppPresentationTests */ = {
			isa = PBXGroup;
			children = (
				6E82C8B026AAB7B200DD5C15 /* ToDoMaterialDesignAppPresentationTests.swift */,
				6E82C8B226AAB7B200DD5C15 /* Info.plist */,
			);
			path = ToDoMaterialDesignAppPresentationTests;
			sourceTree = "<group>";
		};
		6E82C8BA26AAB7B200DD5C15 /* ToDoMaterialDesignAppPresentationUITests */ = {
			isa = PBXGroup;
			children = (
				6E82C8BB26AAB7B200DD5C15 /* ToDoMaterialDesignAppPresentationUITests.swift */,
				6E82C8BD26AAB7B200DD5C15 /* Info.plist */,
			);
			path = ToDoMaterialDesignAppPresentationUITests;
			sourceTree = "<group>";
		};
		6E82C8CD26AABCC700DD5C15 /* Views */ = {
			isa = PBXGroup;
			children = (
				6E82C8A026AAB7B100DD5C15 /* AllTasksView.swift */,
				6E82C8CB26AABCC000DD5C15 /* TaskCell.swift */,
			);
			path = Views;
			sourceTree = "<group>";
		};
		6E82C8D026AABD0A00DD5C15 /* Models */ = {
			isa = PBXGroup;
			children = (
				6E82C8CE26AABD0400DD5C15 /* Task.swift */,
			);
			path = Models;
			sourceTree = "<group>";
		};
		6E82C8D526AAC82D00DD5C15 /* Extensions */ = {
			isa = PBXGroup;
			children = (
				6E82C8D326AAC82A00DD5C15 /* Color-Extension.swift */,
			);
			path = Extensions;
			sourceTree = "<group>";
		};
		6E82C8D626AAC88C00DD5C15 /* AppDelegate */ = {
			isa = PBXGroup;
			children = (
				6E82C89E26AAB7B100DD5C15 /* ToDoMaterialDesignAppPresentationApp.swift */,
			);
			path = AppDelegate;
			sourceTree = "<group>";
		};
/* End PBXGroup section */

/* Begin PBXNativeTarget section */
		6E82C89A26AAB7B100DD5C15 /* ToDoMaterialDesignAppPresentation */ = {
			isa = PBXNativeTarget;
			buildConfigurationList = 6E82C8C026AAB7B200DD5C15 /* Build configuration list for PBXNativeTarget "ToDoMaterialDesignAppPresentation" */;
			buildPhases = (
				6E82C89726AAB7B100DD5C15 /* Sources */,
				6E82C89826AAB7B100DD5C15 /* Frameworks */,
				6E82C89926AAB7B100DD5C15 /* Resources */,
			);
			buildRules = (
			);
			dependencies = (
			);
			name = ToDoMaterialDesignAppPresentation;
			productName = ToDoMaterialDesignAppPresentation;
			productReference = 6E82C89B26AAB7B100DD5C15 /* ToDoMaterialDesignAppPresentation.app */;
			productType = "com.apple.product-type.application";
		};
		6E82C8AB26AAB7B200DD5C15 /* ToDoMaterialDesignAppPresentationTests */ = {
			isa = PBXNativeTarget;
			buildConfigurationList = 6E82C8C326AAB7B200DD5C15 /* Build configuration list for PBXNativeTarget "ToDoMaterialDesignAppPresentationTests" */;
			buildPhases = (
				6E82C8A826AAB7B200DD5C15 /* Sources */,
				6E82C8A926AAB7B200DD5C15 /* Frameworks */,
				6E82C8AA26AAB7B200DD5C15 /* Resources */,
			);
			buildRules = (
			);
			dependencies = (
				6E82C8AE26AAB7B200DD5C15 /* PBXTargetDependency */,
			);
			name = ToDoMaterialDesignAppPresentationTests;
			productName = ToDoMaterialDesignAppPresentationTests;
			productReference = 6E82C8AC26AAB7B200DD5C15 /* ToDoMaterialDesignAppPresentationTests.xctest */;
			productType = "com.apple.product-type.bundle.unit-test";
		};
		6E82C8B626AAB7B200DD5C15 /* ToDoMaterialDesignAppPresentationUITests */ = {
			isa = PBXNativeTarget;
			buildConfigurationList = 6E82C8C626AAB7B200DD5C15 /* Build configuration list for PBXNativeTarget "ToDoMaterialDesignAppPresentationUITests" */;
			buildPhases = (
				6E82C8B326AAB7B200DD5C15 /* Sources */,
				6E82C8B426AAB7B200DD5C15 /* Frameworks */,
				6E82C8B526AAB7B200DD5C15 /* Resources */,
			);
			buildRules = (
			);
			dependencies = (
				6E82C8B926AAB7B200DD5C15 /* PBXTargetDependency */,
			);
			name = ToDoMaterialDesignAppPresentationUITests;
			productName = ToDoMaterialDesignAppPresentationUITests;
			productReference = 6E82C8B726AAB7B200DD5C15 /* ToDoMaterialDesignAppPresentationUITests.xctest */;
			productType = "com.apple.product-type.bundle.ui-testing";
		};
/* End PBXNativeTarget section */

/* Begin PBXProject section */
		6E82C89326AAB7B100DD5C15 /* Project object */ = {
			isa = PBXProject;
			attributes = {
				LastSwiftUpdateCheck = 1250;
				LastUpgradeCheck = 1250;
				TargetAttributes = {
					6E82C89A26AAB7B100DD5C15 = {
						CreatedOnToolsVersion = 12.5.1;
					};
					6E82C8AB26AAB7B200DD5C15 = {
						CreatedOnToolsVersion = 12.5.1;
						TestTargetID = 6E82C89A26AAB7B100DD5C15;
					};
					6E82C8B626AAB7B200DD5C15 = {
						CreatedOnToolsVersion = 12.5.1;
						TestTargetID = 6E82C89A26AAB7B100DD5C15;
					};
				};
			};
			buildConfigurationList = 6E82C89626AAB7B100DD5C15 /* Build configuration list for PBXProject "ToDoMaterialDesignAppPresentation" */;
			compatibilityVersion = "Xcode 9.3";
			developmentRegion = en;
			hasScannedForEncodings = 0;
			knownRegions = (
				en,
				Base,
			);
			mainGroup = 6E82C89226AAB7B100DD5C15;
			productRefGroup = 6E82C89C26AAB7B100DD5C15 /* Products */;
			projectDirPath = "";
			projectRoot = "";
			targets = (
				6E82C89A26AAB7B100DD5C15 /* ToDoMaterialDesignAppPresentation */,
				6E82C8AB26AAB7B200DD5C15 /* ToDoMaterialDesignAppPresentationTests */,
				6E82C8B626AAB7B200DD5C15 /* ToDoMaterialDesignAppPresentationUITests */,
			);
		};
/* End PBXProject section */

/* Begin PBXResourcesBuildPhase section */
		6E82C89926AAB7B100DD5C15 /* Resources */ = {
			isa = PBXResourcesBuildPhase;
			buildActionMask = 2147483647;
			files = (
				6E82C8A626AAB7B200DD5C15 /* Preview Assets.xcassets in Resources */,
				6E82C8A326AAB7B200DD5C15 /* Assets.xcassets in Resources */,
			);
			runOnlyForDeploymentPostprocessing = 0;
		};
		6E82C8AA26AAB7B200DD5C15 /* Resources */ = {
			isa = PBXResourcesBuildPhase;
			buildActionMask = 2147483647;
			files = (
			);
			runOnlyForDeploymentPostprocessing = 0;
		};
		6E82C8B526AAB7B200DD5C15 /* Resources */ = {
			isa = PBXResourcesBuildPhase;
			buildActionMask = 2147483647;
			files = (
			);
			runOnlyForDeploymentPostprocessing = 0;
		};
/* End PBXResourcesBuildPhase section */

/* Begin PBXSourcesBuildPhase section */
		6E82C89726AAB7B100DD5C15 /* Sources */ = {
			isa = PBXSourcesBuildPhase;
			buildActionMask = 2147483647;
			files = (
				6E82C8CF26AABD0400DD5C15 /* Task.swift in Sources */,
				6E82C8D426AAC82A00DD5C15 /* Color-Extension.swift in Sources */,
				6E82C8D226AAC70600DD5C15 /* MockClasses.swift in Sources */,
				6E82C8A126AAB7B100DD5C15 /* AllTasksView.swift in Sources */,
				6E82C8CC26AABCC000DD5C15 /* TaskCell.swift in Sources */,
				6E82C89F26AAB7B100DD5C15 /* ToDoMaterialDesignAppPresentationApp.swift in Sources */,
			);
			runOnlyForDeploymentPostprocessing = 0;
		};
		6E82C8A826AAB7B200DD5C15 /* Sources */ = {
			isa = PBXSourcesBuildPhase;
			buildActionMask = 2147483647;
			files = (
				6E82C8B126AAB7B200DD5C15 /* ToDoMaterialDesignAppPresentationTests.swift in Sources */,
			);
			runOnlyForDeploymentPostprocessing = 0;
		};
		6E82C8B326AAB7B200DD5C15 /* Sources */ = {
			isa = PBXSourcesBuildPhase;
			buildActionMask = 2147483647;
			files = (
				6E82C8BC26AAB7B200DD5C15 /* ToDoMaterialDesignAppPresentationUITests.swift in Sources */,
			);
			runOnlyForDeploymentPostprocessing = 0;
		};
/* End PBXSourcesBuildPhase section */

/* Begin PBXTargetDependency section */
		6E82C8AE26AAB7B200DD5C15 /* PBXTargetDependency */ = {
			isa = PBXTargetDependency;
			target = 6E82C89A26AAB7B100DD5C15 /* ToDoMaterialDesignAppPresentation */;
			targetProxy = 6E82C8AD26AAB7B200DD5C15 /* PBXContainerItemProxy */;
		};
		6E82C8B926AAB7B200DD5C15 /* PBXTargetDependency */ = {
			isa = PBXTargetDependency;
			target = 6E82C89A26AAB7B100DD5C15 /* ToDoMaterialDesignAppPresentation */;
			targetProxy = 6E82C8B826AAB7B200DD5C15 /* PBXContainerItemProxy */;
		};
/* End PBXTargetDependency section */

/* Begin XCBuildConfiguration section */
		6E82C8BE26AAB7B200DD5C15 /* Debug */ = {
			isa = XCBuildConfiguration;
			buildSettings = {
				ALWAYS_SEARCH_USER_PATHS = NO;
				CLANG_ANALYZER_NONNULL = YES;
				CLANG_ANALYZER_NUMBER_OBJECT_CONVERSION = YES_AGGRESSIVE;
				CLANG_CXX_LANGUAGE_STANDARD = "gnu++14";
				CLANG_CXX_LIBRARY = "libc++";
				CLANG_ENABLE_MODULES = YES;
				CLANG_ENABLE_OBJC_ARC = YES;
				CLANG_ENABLE_OBJC_WEAK = YES;
				CLANG_WARN_BLOCK_CAPTURE_AUTORELEASING = YES;
				CLANG_WARN_BOOL_CONVERSION = YES;
				CLANG_WARN_COMMA = YES;
				CLANG_WARN_CONSTANT_CONVERSION = YES;
				CLANG_WARN_DEPRECATED_OBJC_IMPLEMENTATIONS = YES;
				CLANG_WARN_DIRECT_OBJC_ISA_USAGE = YES_ERROR;
				CLANG_WARN_DOCUMENTATION_COMMENTS = YES;
				CLANG_WARN_EMPTY_BODY = YES;
				CLANG_WARN_ENUM_CONVERSION = YES;
				CLANG_WARN_INFINITE_RECURSION = YES;
				CLANG_WARN_INT_CONVERSION = YES;
				CLANG_WARN_NON_LITERAL_NULL_CONVERSION = YES;
				CLANG_WARN_OBJC_IMPLICIT_RETAIN_SELF = YES;
				CLANG_WARN_OBJC_LITERAL_CONVERSION = YES;
				CLANG_WARN_OBJC_ROOT_CLASS = YES_ERROR;
				CLANG_WARN_QUOTED_INCLUDE_IN_FRAMEWORK_HEADER = YES;
				CLANG_WARN_RANGE_LOOP_ANALYSIS = YES;
				CLANG_WARN_STRICT_PROTOTYPES = YES;
				CLANG_WARN_SUSPICIOUS_MOVE = YES;
				CLANG_WARN_UNGUARDED_AVAILABILITY = YES_AGGRESSIVE;
				CLANG_WARN_UNREACHABLE_CODE = YES;
				CLANG_WARN__DUPLICATE_METHOD_MATCH = YES;
				COPY_PHASE_STRIP = NO;
				DEBUG_INFORMATION_FORMAT = dwarf;
				ENABLE_STRICT_OBJC_MSGSEND = YES;
				ENABLE_TESTABILITY = YES;
				GCC_C_LANGUAGE_STANDARD = gnu11;
				GCC_DYNAMIC_NO_PIC = NO;
				GCC_NO_COMMON_BLOCKS = YES;
				GCC_OPTIMIZATION_LEVEL = 0;
				GCC_PREPROCESSOR_DEFINITIONS = (
					"DEBUG=1",
					"$(inherited)",
				);
				GCC_WARN_64_TO_32_BIT_CONVERSION = YES;
				GCC_WARN_ABOUT_RETURN_TYPE = YES_ERROR;
				GCC_WARN_UNDECLARED_SELECTOR = YES;
				GCC_WARN_UNINITIALIZED_AUTOS = YES_AGGRESSIVE;
				GCC_WARN_UNUSED_FUNCTION = YES;
				GCC_WARN_UNUSED_VARIABLE = YES;
				IPHONEOS_DEPLOYMENT_TARGET = 14.5;
				MTL_ENABLE_DEBUG_INFO = INCLUDE_SOURCE;
				MTL_FAST_MATH = YES;
				ONLY_ACTIVE_ARCH = YES;
				SDKROOT = iphoneos;
				SWIFT_ACTIVE_COMPILATION_CONDITIONS = DEBUG;
				SWIFT_OPTIMIZATION_LEVEL = "-Onone";
			};
			name = Debug;
		};
		6E82C8BF26AAB7B200DD5C15 /* Release */ = {
			isa = XCBuildConfiguration;
			buildSettings = {
				ALWAYS_SEARCH_USER_PATHS = NO;
				CLANG_ANALYZER_NONNULL = YES;
				CLANG_ANALYZER_NUMBER_OBJECT_CONVERSION = YES_AGGRESSIVE;
				CLANG_CXX_LANGUAGE_STANDARD = "gnu++14";
				CLANG_CXX_LIBRARY = "libc++";
				CLANG_ENABLE_MODULES = YES;
				CLANG_ENABLE_OBJC_ARC = YES;
				CLANG_ENABLE_OBJC_WEAK = YES;
				CLANG_WARN_BLOCK_CAPTURE_AUTORELEASING = YES;
				CLANG_WARN_BOOL_CONVERSION = YES;
				CLANG_WARN_COMMA = YES;
				CLANG_WARN_CONSTANT_CONVERSION = YES;
				CLANG_WARN_DEPRECATED_OBJC_IMPLEMENTATIONS = YES;
				CLANG_WARN_DIRECT_OBJC_ISA_USAGE = YES_ERROR;
				CLANG_WARN_DOCUMENTATION_COMMENTS = YES;
				CLANG_WARN_EMPTY_BODY = YES;
				CLANG_WARN_ENUM_CONVERSION = YES;
				CLANG_WARN_INFINITE_RECURSION = YES;
				CLANG_WARN_INT_CONVERSION = YES;
				CLANG_WARN_NON_LITERAL_NULL_CONVERSION = YES;
				CLANG_WARN_OBJC_IMPLICIT_RETAIN_SELF = YES;
				CLANG_WARN_OBJC_LITERAL_CONVERSION = YES;
				CLANG_WARN_OBJC_ROOT_CLASS = YES_ERROR;
				CLANG_WARN_QUOTED_INCLUDE_IN_FRAMEWORK_HEADER = YES;
				CLANG_WARN_RANGE_LOOP_ANALYSIS = YES;
				CLANG_WARN_STRICT_PROTOTYPES = YES;
				CLANG_WARN_SUSPICIOUS_MOVE = YES;
				CLANG_WARN_UNGUARDED_AVAILABILITY = YES_AGGRESSIVE;
				CLANG_WARN_UNREACHABLE_CODE = YES;
				CLANG_WARN__DUPLICATE_METHOD_MATCH = YES;
				COPY_PHASE_STRIP = NO;
				DEBUG_INFORMATION_FORMAT = "dwarf-with-dsym";
				ENABLE_NS_ASSERTIONS = NO;
				ENABLE_STRICT_OBJC_MSGSEND = YES;
				GCC_C_LANGUAGE_STANDARD = gnu11;
				GCC_NO_COMMON_BLOCKS = YES;
				GCC_WARN_64_TO_32_BIT_CONVERSION = YES;
				GCC_WARN_ABOUT_RETURN_TYPE = YES_ERROR;
				GCC_WARN_UNDECLARED_SELECTOR = YES;
				GCC_WARN_UNINITIALIZED_AUTOS = YES_AGGRESSIVE;
				GCC_WARN_UNUSED_FUNCTION = YES;
				GCC_WARN_UNUSED_VARIABLE = YES;
				IPHONEOS_DEPLOYMENT_TARGET = 14.5;
				MTL_ENABLE_DEBUG_INFO = NO;
				MTL_FAST_MATH = YES;
				SDKROOT = iphoneos;
				SWIFT_COMPILATION_MODE = wholemodule;
				SWIFT_OPTIMIZATION_LEVEL = "-O";
				VALIDATE_PRODUCT = YES;
			};
			name = Release;
		};
		6E82C8C126AAB7B200DD5C15 /* Debug */ = {
			isa = XCBuildConfiguration;
			buildSettings = {
				ASSETCATALOG_COMPILER_APPICON_NAME = AppIcon;
				ASSETCATALOG_COMPILER_GLOBAL_ACCENT_COLOR_NAME = AccentColor;
				CODE_SIGN_STYLE = Automatic;
				DEVELOPMENT_ASSET_PATHS = "\"ToDoMaterialDesignAppPresentation/Preview Content\"";
				DEVELOPMENT_TEAM = QDUTEX33CU;
				ENABLE_PREVIEWS = YES;
				INFOPLIST_FILE = ToDoMaterialDesignAppPresentation/Info.plist;
				IPHONEOS_DEPLOYMENT_TARGET = 14.0;
				LD_RUNPATH_SEARCH_PATHS = (
					"$(inherited)",
					"@executable_path/Frameworks",
				);
				PRODUCT_BUNDLE_IDENTIFIER = com.matthiaszarzecki.ToDoMaterialDesignAppPresentation;
				PRODUCT_NAME = "$(TARGET_NAME)";
				SWIFT_VERSION = 5.0;
				TARGETED_DEVICE_FAMILY = "1,2";
			};
			name = Debug;
		};
		6E82C8C226AAB7B200DD5C15 /* Release */ = {
			isa = XCBuildConfiguration;
			buildSettings = {
				ASSETCATALOG_COMPILER_APPICON_NAME = AppIcon;
				ASSETCATALOG_COMPILER_GLOBAL_ACCENT_COLOR_NAME = AccentColor;
				CODE_SIGN_STYLE = Automatic;
				DEVELOPMENT_ASSET_PATHS = "\"ToDoMaterialDesignAppPresentation/Preview Content\"";
				DEVELOPMENT_TEAM = QDUTEX33CU;
				ENABLE_PREVIEWS = YES;
				INFOPLIST_FILE = ToDoMaterialDesignAppPresentation/Info.plist;
				IPHONEOS_DEPLOYMENT_TARGET = 14.0;
				LD_RUNPATH_SEARCH_PATHS = (
					"$(inherited)",
					"@executable_path/Frameworks",
				);
				PRODUCT_BUNDLE_IDENTIFIER = com.matthiaszarzecki.ToDoMaterialDesignAppPresentation;
				PRODUCT_NAME = "$(TARGET_NAME)";
				SWIFT_VERSION = 5.0;
				TARGETED_DEVICE_FAMILY = "1,2";
			};
			name = Release;
		};
		6E82C8C426AAB7B200DD5C15 /* Debug */ = {
			isa = XCBuildConfiguration;
			buildSettings = {
				ALWAYS_EMBED_SWIFT_STANDARD_LIBRARIES = YES;
				BUNDLE_LOADER = "$(TEST_HOST)";
				CODE_SIGN_STYLE = Automatic;
				DEVELOPMENT_TEAM = QDUTEX33CU;
				INFOPLIST_FILE = ToDoMaterialDesignAppPresentationTests/Info.plist;
				IPHONEOS_DEPLOYMENT_TARGET = 14.0;
				LD_RUNPATH_SEARCH_PATHS = (
					"$(inherited)",
					"@executable_path/Frameworks",
					"@loader_path/Frameworks",
				);
				PRODUCT_BUNDLE_IDENTIFIER = com.matthiaszarzecki.ToDoMaterialDesignAppPresentationTests;
				PRODUCT_NAME = "$(TARGET_NAME)";
				SWIFT_VERSION = 5.0;
				TARGETED_DEVICE_FAMILY = "1,2";
				TEST_HOST = "$(BUILT_PRODUCTS_DIR)/ToDoMaterialDesignAppPresentation.app/ToDoMaterialDesignAppPresentation";
			};
			name = Debug;
		};
		6E82C8C526AAB7B200DD5C15 /* Release */ = {
			isa = XCBuildConfiguration;
			buildSettings = {
				ALWAYS_EMBED_SWIFT_STANDARD_LIBRARIES = YES;
				BUNDLE_LOADER = "$(TEST_HOST)";
				CODE_SIGN_STYLE = Automatic;
				DEVELOPMENT_TEAM = QDUTEX33CU;
				INFOPLIST_FILE = ToDoMaterialDesignAppPresentationTests/Info.plist;
				IPHONEOS_DEPLOYMENT_TARGET = 14.0;
				LD_RUNPATH_SEARCH_PATHS = (
					"$(inherited)",
					"@executable_path/Frameworks",
					"@loader_path/Frameworks",
				);
				PRODUCT_BUNDLE_IDENTIFIER = com.matthiaszarzecki.ToDoMaterialDesignAppPresentationTests;
				PRODUCT_NAME = "$(TARGET_NAME)";
				SWIFT_VERSION = 5.0;
				TARGETED_DEVICE_FAMILY = "1,2";
				TEST_HOST = "$(BUILT_PRODUCTS_DIR)/ToDoMaterialDesignAppPresentation.app/ToDoMaterialDesignAppPresentation";
			};
			name = Release;
		};
		6E82C8C726AAB7B200DD5C15 /* Debug */ = {
			isa = XCBuildConfiguration;
			buildSettings = {
				ALWAYS_EMBED_SWIFT_STANDARD_LIBRARIES = YES;
				CODE_SIGN_STYLE = Automatic;
				DEVELOPMENT_TEAM = QDUTEX33CU;
				INFOPLIST_FILE = ToDoMaterialDesignAppPresentationUITests/Info.plist;
				LD_RUNPATH_SEARCH_PATHS = (
					"$(inherited)",
					"@executable_path/Frameworks",
					"@loader_path/Frameworks",
				);
				PRODUCT_BUNDLE_IDENTIFIER = com.matthiaszarzecki.ToDoMaterialDesignAppPresentationUITests;
				PRODUCT_NAME = "$(TARGET_NAME)";
				SWIFT_VERSION = 5.0;
				TARGETED_DEVICE_FAMILY = "1,2";
				TEST_TARGET_NAME = ToDoMaterialDesignAppPresentation;
			};
			name = Debug;
		};
		6E82C8C826AAB7B200DD5C15 /* Release */ = {
			isa = XCBuildConfiguration;
			buildSettings = {
				ALWAYS_EMBED_SWIFT_STANDARD_LIBRARIES = YES;
				CODE_SIGN_STYLE = Automatic;
				DEVELOPMENT_TEAM = QDUTEX33CU;
				INFOPLIST_FILE = ToDoMaterialDesignAppPresentationUITests/Info.plist;
				LD_RUNPATH_SEARCH_PATHS = (
					"$(inherited)",
					"@executable_path/Frameworks",
					"@loader_path/Frameworks",
				);
				PRODUCT_BUNDLE_IDENTIFIER = com.matthiaszarzecki.ToDoMaterialDesignAppPresentationUITests;
				PRODUCT_NAME = "$(TARGET_NAME)";
				SWIFT_VERSION = 5.0;
				TARGETED_DEVICE_FAMILY = "1,2";
				TEST_TARGET_NAME = ToDoMaterialDesignAppPresentation;
			};
			name = Release;
		};
/* End XCBuildConfiguration section */

/* Begin XCConfigurationList section */
		6E82C89626AAB7B100DD5C15 /* Build configuration list for PBXProject "ToDoMaterialDesignAppPresentation" */ = {
			isa = XCConfigurationList;
			buildConfigurations = (
				6E82C8BE26AAB7B200DD5C15 /* Debug */,
				6E82C8BF26AAB7B200DD5C15 /* Release */,
			);
			defaultConfigurationIsVisible = 0;
			defaultConfigurationName = Release;
		};
		6E82C8C026AAB7B200DD5C15 /* Build configuration list for PBXNativeTarget "ToDoMaterialDesignAppPresentation" */ = {
			isa = XCConfigurationList;
			buildConfigurations = (
				6E82C8C126AAB7B200DD5C15 /* Debug */,
				6E82C8C226AAB7B200DD5C15 /* Release */,
			);
			defaultConfigurationIsVisible = 0;
			defaultConfigurationName = Release;
		};
		6E82C8C326AAB7B200DD5C15 /* Build configuration list for PBXNativeTarget "ToDoMaterialDesignAppPresentationTests" */ = {
			isa = XCConfigurationList;
			buildConfigurations = (
				6E82C8C426AAB7B200DD5C15 /* Debug */,
				6E82C8C526AAB7B200DD5C15 /* Release */,
			);
			defaultConfigurationIsVisible = 0;
			defaultConfigurationName = Release;
		};
		6E82C8C626AAB7B200DD5C15 /* Build configuration list for PBXNativeTarget "ToDoMaterialDesignAppPresentationUITests" */ = {
			isa = XCConfigurationList;
			buildConfigurations = (
				6E82C8C726AAB7B200DD5C15 /* Debug */,
				6E82C8C826AAB7B200DD5C15 /* Release */,
			);
			defaultConfigurationIsVisible = 0;
			defaultConfigurationName = Release;
		};
/* End XCConfigurationList section */
	};
	rootObject = 6E82C89326AAB7B100DD5C15 /* Project object */;
}
